
Microsoft Visual Studio Solution File, Format Version 12.00
# Visual Studio Version 17
VisualStudioVersion = 17.10.35013.160
MinimumVisualStudioVersion = 10.0.40219.1
Project("{888888A0-9F3D-457C-B088-3A5042F75D52}") = "Data analysis", "Data analysis.pyproj", "{2581D7E0-B4C1-4D6F-BD9F-0E854B74DE7A}"
EndProject
Global
	GlobalSection(SolutionConfigurationPlatforms) = preSolution
		Debug|Any CPU = Debug|Any CPU
		Release|Any CPU = Release|Any CPU
	EndGlobalSection
	GlobalSection(ProjectConfigurationPlatforms) = postSolution
		{2581D7E0-B4C1-4D6F-BD9F-0E854B74DE7A}.Debug|Any CPU.ActiveCfg = Debug|Any CPU
		{2581D7E0-B4C1-4D6F-BD9F-0E854B74DE7A}.Release|Any CPU.ActiveCfg = Release|Any CPU
	EndGlobalSection
	GlobalSection(SolutionProperties) = preSolution
		HideSolutionNode = FALSE
	EndGlobalSection
	GlobalSection(ExtensibilityGlobals) = postSolution
		SolutionGuid = {B4C8D1E6-136C-4F40-BFB2-B617F7908D63}
	EndGlobalSection
EndGlobal
