
Microsoft Visual Studio Solution File, Format Version 12.00
# Visual Studio Version 17
VisualStudioVersion = 17.10.35013.160
MinimumVisualStudioVersion = 10.0.40219.1
Project("{888888A0-9F3D-457C-B088-3A5042F75D52}") = "Internship project 1", "Internship project 1.pyproj", "{6E49394B-1874-472E-B6BC-2F15B20F39E5}"
EndProject
Global
	GlobalSection(SolutionConfigurationPlatforms) = preSolution
		Debug|Any CPU = Debug|Any CPU
		Release|Any CPU = Release|Any CPU
	EndGlobalSection
	GlobalSection(ProjectConfigurationPlatforms) = postSolution
		{6E49394B-1874-472E-B6BC-2F15B20F39E5}.Debug|Any CPU.ActiveCfg = Debug|Any CPU
		{6E49394B-1874-472E-B6BC-2F15B20F39E5}.Release|Any CPU.ActiveCfg = Release|Any CPU
	EndGlobalSection
	GlobalSection(SolutionProperties) = preSolution
		HideSolutionNode = FALSE
	EndGlobalSection
	GlobalSection(ExtensibilityGlobals) = postSolution
		SolutionGuid = {24191BFF-4D2B-4332-8D92-624D85A89BF0}
	EndGlobalSection
EndGlobal
